
Microsoft Visual Studio Solution File, Format Version 12.00
# Visual Studio Version 16
VisualStudioVersion = 16.0.29613.14
MinimumVisualStudioVersion = 10.0.40219.1
Project("{FAE04EC0-301F-11D3-BF4B-00C04F79EFBC}") = "DropDownButtonAdv", "DropDownButtonAdv\DropDownButtonAdv.csproj", "{FF53146C-A383-498A-B235-74A3F6B81970}"
EndProject
Global
	GlobalSection(SolutionConfigurationPlatforms) = preSolution
		Debug|Any CPU = Debug|Any CPU
		Release|Any CPU = Release|Any CPU
	EndGlobalSection
	GlobalSection(ProjectConfigurationPlatforms) = postSolution
		{FF53146C-A383-498A-B235-74A3F6B81970}.Debug|Any CPU.ActiveCfg = Debug|Any CPU
		{FF53146C-A383-498A-B235-74A3F6B81970}.Debug|Any CPU.Build.0 = Debug|Any CPU
		{FF53146C-A383-498A-B235-74A3F6B81970}.Release|Any CPU.ActiveCfg = Release|Any CPU
		{FF53146C-A383-498A-B235-74A3F6B81970}.Release|Any CPU.Build.0 = Release|Any CPU
	EndGlobalSection
	GlobalSection(SolutionProperties) = preSolution
		HideSolutionNode = FALSE
	EndGlobalSection
	GlobalSection(ExtensibilityGlobals) = postSolution
		SolutionGuid = {0A6B8B88-7AF4-4327-BEC9-808E7E5DDC9B}
	EndGlobalSection
EndGlobal
